dependencies:
- name: auth-server
  repository: file://sub-charts/auth-server
  version: 0.1.0
- name: products-service
  repository: file://sub-charts/products-service
  version: 0.1.0
- name: mysql
  repository: https://helm.wso2.com
  version: 1.6.9
- name: mongodb
  repository: https://charts.bitnami.com/bitnami
  version: 13.10.1
- name: elasticsearch
  repository: https://helm.elastic.co
  version: 7.17.3
- name: kibana
  repository: https://helm.elastic.co
  version: 7.17.3
- name: filebeat
  repository: https://helm.elastic.co
  version: 7.17.3
- name: logstash
  repository: https://helm.elastic.co
  version: 7.17.3
digest: sha256:e60d3b135a00a9f763b7a3810bc4c542ed01ac9909dda0c25e0f57e52770879b
generated: "2023-04-28T20:16:34.509397+05:30"
