dependencies:
- name: auth-server
  repository: file://sub-charts/auth-server
  version: 0.1.0
- name: products-service
  repository: file://sub-charts/products-service
  version: 0.1.0
- name: mysql
  repository: https://helm.wso2.com
  version: 1.6.9
- name: mongodb
  repository: https://charts.bitnami.com/bitnami
  version: 13.10.1
- name: elasticsearch
  repository: https://helm.elastic.co
  version: 8.5.1
- name: filebeat
  repository: https://helm.elastic.co
  version: 8.5.1
- name: kibana
  repository: https://helm.elastic.co
  version: 8.5.1
- name: logstash
  repository: https://helm.elastic.co
  version: 8.5.1
- name: metricbeat
  repository: https://helm.elastic.co
  version: 8.5.1
- name: apm-server
  repository: https://helm.elastic.co
  version: 8.5.1
digest: sha256:c405aa8330c0521c1a7c6a03cb60ff8470aff450c84136ac17a558871f77f8e8
generated: "2023-05-05T12:36:12.029848+05:30"
